hash: e0b297447455777d9b12b97627986b562b13ee1a100f090489dd6ae8e1d76082
updated: 2018-08-06T16:01:32.422215605-06:00
imports:
- name: github.com/anmitsu/go-shlex
  version: 648efa622239a2f6ff949fed78ee37b48d499ba4
- name: github.com/apex/log
  version: 941dea75d3ebfbdd905a5d8b7b232965c5e5c684
- name: github.com/blang/semver
  version: b38d23b8782a487059e8fc8773e9a5b228a77cb6
- name: github.com/cheggaaa/pb
  version: 2af8bbdea9e99e83b3ac400d8f6b6d1b8cbbf338
- name: github.com/cyphar/filepath-securejoin
  version: ae69057f2299fb9e5ba2df738607e6a505b74ab6
- name: github.com/docker/go-units
  version: 47565b4f722fb6ceae66b95f853feed578a4a51c
- name: github.com/dustin/go-humanize
  version: 9f541cc9db5d55bce703bd99987c9d5cb8eea45e
- name: github.com/fatih/color
  version: 2d684516a8861da43017284349b7e303e809ac21
- name: github.com/freddierice/go-losetup
  version: fc9adea44124401d8bfef3a97eaf61b5d44cc2c6
- name: github.com/gorilla/websocket
  version: 5ed622c449da6d44c3c8329331ff47a9e5844f71
- name: github.com/klauspost/compress
  version: b50017755d442260d792c34c7c43216d9ba7ffc7
  subpackages:
  - flate
- name: github.com/klauspost/cpuid
  version: e7e905edc00ea8827e58662220139109efea09db
- name: github.com/klauspost/crc32
  version: bab58d77464aa9cf4e84200c3276da0831fe0c03
- name: github.com/klauspost/pgzip
  version: c4ad2ed77aece7b3270909769a30a3fcea262a66
- name: github.com/lxc/lxd
  version: a7d40026a492d8c42bf00a25ad8b5a2dc77f1c22
  subpackages:
  - shared
  - shared/cancel
  - shared/idmap
  - shared/ioprogress
  - shared/logger
- name: github.com/mattn/go-colorable
  version: efa589957cd060542a26d2dd7832fd6a6c6c3ade
- name: github.com/mattn/go-isatty
  version: 6ca4dbf54d38eea1a992b3c722a76a5d1c4cb25c
- name: github.com/mattn/go-runewidth
  version: ce7b0b5c7b45a81508558cd1dba6bb1e4ddb51bb
- name: github.com/mitchellh/hashstructure
  version: 2bca23e0e452137f789efbc8610126fd8b94f73b
- name: github.com/opencontainers/go-digest
  version: c9281466c8b2f606084ac71339773efd177436e7
- name: github.com/opencontainers/image-spec
  version: e562b04403929d582d449ae5386ff79dd7961a11
  subpackages:
  - specs-go
  - specs-go/v1
- name: github.com/opencontainers/runtime-spec
  version: d810dbc60d8c5aeeb3d054bd1132fab2121968ce
  subpackages:
  - specs-go
- name: github.com/opencontainers/runtime-tools
  version: e29f3ca4eb806a582ee1a1864c7b0563bd64c19b
  subpackages:
  - generate
  - generate/seccomp
  - validate
- name: github.com/openSUSE/umoci
  version: 309d6cbb329d852e01818370ad86f5c5aac460fe
  repo: https://github.com/anuvu/umoci
  subpackages:
  - mutate
  - oci/cas
  - oci/cas/dir
  - oci/casext
  - oci/config/convert
  - oci/config/generate
  - oci/layer
  - pkg/fseval
  - pkg/idtools
  - pkg/system
  - pkg/unpriv
  - third_party/user
- name: github.com/pkg/errors
  version: 816c9085562cd7ee03e7f8188a1cfd942858cded
- name: github.com/sergi/go-diff
  version: da645544ed44df016359bd4c0e3dc60ee3a0da43
  subpackages:
  - diffmatchpatch
- name: github.com/sirupsen/logrus
  version: 3e01752db0189b9157070a0e1668a620f9a85da2
- name: github.com/syndtr/gocapability
  version: db04d3cc01c8b54962a58ec7e491717d06cfcc16
  subpackages:
  - capability
- name: github.com/udhos/equalfile
  version: a22d6261a8dfb7c252a17b5fb4f5779f0ce3d408
- name: github.com/urfave/cli
  version: 8e01ec4cd3e2d84ab2fe90d8210528ffbb06d8ff
- name: github.com/vbatts/go-mtree
  version: 1bcf4de08ff771c9b288e3a25348f195d404c17b
  subpackages:
  - pkg/govis
  - xattr
- name: golang.org/x/crypto
  version: 80fca2ff14a3fb7db622c9a5462f8ce9ea026cba
  subpackages:
  - ripemd160
  - ssh/terminal
- name: golang.org/x/net
  version: f4c29de78a2a91c00474a2e689954305c350adf9
  subpackages:
  - context
- name: golang.org/x/sys
  version: 8dbc5d05d6edcc104950cc299a1ce6641235bc86
  subpackages:
  - unix
  - windows
- name: gopkg.in/lxc/go-lxc.v2
  version: 1c13b43ccb43defbf04a8b4b931e4bb18fd481e6
- name: gopkg.in/yaml.v2
  version: 5420a8b6744d3b0345ab293f6fcba19c978f1183
testImports: []
